// !$*UTF8*$!
{
	archiveVersion = 1;
	classes = {
	};
	objectVersion = 46;
	objects = {

/* Begin PBXAggregateTarget section */
		45CB4198BEAE48C72CC65C47 /* ZERO_CHECK */ = {
			isa = PBXAggregateTarget;
			buildConfigurationList = FF9B24B1977E476D97FAE087 /* Build configuration list for PBXAggregateTarget "ZERO_CHECK" */;
			buildPhases = (
				0EB5E8DCC5A7F4134EC36808 /* Generate CMakeFiles/ZERO_CHECK */,
			);
			dependencies = (
			);
			name = ZERO_CHECK;
			productName = ZERO_CHECK;
		};
		AECBB409D8F5224C5DFD4771 /* ALL_BUILD */ = {
			isa = PBXAggregateTarget;
			buildConfigurationList = C5987605D35B4068888A29A4 /* Build configuration list for PBXAggregateTarget "ALL_BUILD" */;
			buildPhases = (
				18360E19C022303B32985542 /* Generate CMakeFiles/ALL_BUILD */,
			);
			dependencies = (
				9DF12440BCE547E58AA4C13E /* PBXTargetDependency */,
				07B49DB4A08544A9A82761D4 /* PBXTargetDependency */,
			);
			name = ALL_BUILD;
			productName = ALL_BUILD;
		};
/* End PBXAggregateTarget section */

/* Begin PBXBuildFile section */
		03DA422D17214D7B9B930F84 /* /Users/matty/projects/bulkin/include/tiny_obj_loader.h */ = {isa = PBXBuildFile; fileRef = 02163DB3F6E7499986C54892 /* /Users/matty/projects/bulkin/include/tiny_obj_loader.h */; };
		05E9B742A018485C960F4600 /* /Users/matty/projects/bulkin/src/swapchain.cpp */ = {isa = PBXBuildFile; fileRef = 6BF56D6B3E17402080ED5F8A /* /Users/matty/projects/bulkin/src/swapchain.cpp */; };
		0693225B1EDF44D1AA34820E /* /Users/matty/projects/bulkin/include/glm/glm/simd/exponential.h */ = {isa = PBXBuildFile; fileRef = C251C218D3134997BC86944C /* /Users/matty/projects/bulkin/include/glm/glm/simd/exponential.h */; };
		08F05C4B24C04C2EBF236844 /* /Users/matty/projects/bulkin/include/swapchain.h */ = {isa = PBXBuildFile; fileRef = F8C37F2FD14D4248834F6683 /* /Users/matty/projects/bulkin/include/swapchain.h */; };
		096F0CA01B4E4D83BEC7A311 /* /Users/matty/projects/bulkin/include/glm/simd/platform.h */ = {isa = PBXBuildFile; fileRef = 6A16D6AF00DF4282A6BBA222 /* /Users/matty/projects/bulkin/include/glm/simd/platform.h */; };
		182AB3C034294956B6411AFF /* /Users/matty/projects/bulkin/include/glm/simd/matrix.h */ = {isa = PBXBuildFile; fileRef = 965366577E1743D69985B92E /* /Users/matty/projects/bulkin/include/glm/simd/matrix.h */; };
		1BF90D88C5F848A1AC18CEB1 /* /Users/matty/projects/bulkin/include/glm/glm/simd/trigonometric.h */ = {isa = PBXBuildFile; fileRef = 548E17E205BD43AE8C680C1F /* /Users/matty/projects/bulkin/include/glm/glm/simd/trigonometric.h */; };
		1C85437E0C534B9AB5D80347 /* /Users/matty/projects/bulkin/src/quad.cpp */ = {isa = PBXBuildFile; fileRef = F38BF61C68614300A9D097EB /* /Users/matty/projects/bulkin/src/quad.cpp */; };
		1DE1E4B3822748C0A2692F45 /* /Users/matty/projects/bulkin/include/glm/glm/simd/geometric.h */ = {isa = PBXBuildFile; fileRef = A086A4C8283841A8BAD8E31F /* /Users/matty/projects/bulkin/include/glm/glm/simd/geometric.h */; };
		1E57FA745E1E43239B752E6E /* /Users/matty/projects/bulkin/include/vert-shader.h */ = {isa = PBXBuildFile; fileRef = F3AB89AAAA4042509B35F069 /* /Users/matty/projects/bulkin/include/vert-shader.h */; };
		20FA459537334056B67F9994 /* /Users/matty/projects/bulkin/src/graphics-pipeline.cpp */ = {isa = PBXBuildFile; fileRef = 68245469901B46BFB47783D6 /* /Users/matty/projects/bulkin/src/graphics-pipeline.cpp */; };
		2407FFBDCA5740599BBFE158 /* /Users/matty/projects/bulkin/src/bulkin.cpp */ = {isa = PBXBuildFile; fileRef = 433486ABCC0A49A9A1C176D8 /* /Users/matty/projects/bulkin/src/bulkin.cpp */; };
		2597D7CEA2AB449A9D26725A /* /Users/matty/projects/bulkin/include/vertex.h */ = {isa = PBXBuildFile; fileRef = 23F7FEE4193B4029BA5FED45 /* /Users/matty/projects/bulkin/include/vertex.h */; };
		279D0AEFD30F46ACBB51C014 /* /Users/matty/projects/bulkin/include/glm/simd/vector_relational.h */ = {isa = PBXBuildFile; fileRef = 818B6EA7C7E74470877D7FDD /* /Users/matty/projects/bulkin/include/glm/simd/vector_relational.h */; };
		31391144B5D54A9C8F537992 /* /Users/matty/projects/bulkin/include/constants.h */ = {isa = PBXBuildFile; fileRef = 7C7583C3BCC84E0E80DC9ABA /* /Users/matty/projects/bulkin/include/constants.h */; };
		385F7DDF9B54416BB02E0AD4 /* /Users/matty/projects/bulkin/src/device.cpp */ = {isa = PBXBuildFile; fileRef = 8B107041753E4DEC9C388773 /* /Users/matty/projects/bulkin/src/device.cpp */; };
		461661FCAF9E4D65B2F9CE1A /* /Users/matty/projects/bulkin/include/queue-family.h */ = {isa = PBXBuildFile; fileRef = 42C43678F09344B3A6A091A6 /* /Users/matty/projects/bulkin/include/queue-family.h */; };
		50C3FC462F7A436C8B78E618 /* /Users/matty/projects/bulkin/include/glm/glm/simd/neon.h */ = {isa = PBXBuildFile; fileRef = F1F79C62F5F24C03A6AEA558 /* /Users/matty/projects/bulkin/include/glm/glm/simd/neon.h */; };
		55D270B7E41E4D938F8A2680 /* /Users/matty/projects/bulkin/include/device.h */ = {isa = PBXBuildFile; fileRef = DF45BF5674E6482DB9957AF8 /* /Users/matty/projects/bulkin/include/device.h */; };
		5A4F63862AEA486E95880054 /* /Users/matty/projects/bulkin/include/quad.h */ = {isa = PBXBuildFile; fileRef = B0F6B3146FC344F9A8A6B432 /* /Users/matty/projects/bulkin/include/quad.h */; };
		5B2FA7FABEB345B4BAE67230 /* /Users/matty/projects/bulkin/include/camera.h */ = {isa = PBXBuildFile; fileRef = 464F0BE1902940869047D25A /* /Users/matty/projects/bulkin/include/camera.h */; };
		8A71804D0EE6408DAC626A27 /* /Users/matty/projects/bulkin/src/buffer.cpp */ = {isa = PBXBuildFile; fileRef = 5D1493699A7B4E609099BE44 /* /Users/matty/projects/bulkin/src/buffer.cpp */; };
		924F45E44929416190B887BC /* /Users/matty/projects/bulkin/include/frag-shader.h */ = {isa = PBXBuildFile; fileRef = BD14B1F1DC8F4589AF468B5E /* /Users/matty/projects/bulkin/include/frag-shader.h */; };
		9428D1CEB1A041F89B69551D /* /Users/matty/projects/bulkin/include/glm/simd/integer.h */ = {isa = PBXBuildFile; fileRef = A3D52677112F4A9BB3F836AE /* /Users/matty/projects/bulkin/include/glm/simd/integer.h */; };
		9B7AA58388BE429BBFDA9176 /* /Users/matty/projects/bulkin/include/glm/glm/simd/platform.h */ = {isa = PBXBuildFile; fileRef = EC8B3532C4E94C29A747E987 /* /Users/matty/projects/bulkin/include/glm/glm/simd/platform.h */; };
		9D3459E595724AD3A5E4804C /* /Users/matty/projects/bulkin/include/glm/simd/packing.h */ = {isa = PBXBuildFile; fileRef = F4FB5B29A9174FEEB985EE37 /* /Users/matty/projects/bulkin/include/glm/simd/packing.h */; };
		A36724E70AEE48FF9E2E5158 /* /Users/matty/projects/bulkin/include/glm/simd/neon.h */ = {isa = PBXBuildFile; fileRef = C44AF07FA3E047108BB83158 /* /Users/matty/projects/bulkin/include/glm/simd/neon.h */; };
		A4F1DA8671784F8A8F302ECD /* /Users/matty/projects/bulkin/CMakeLists.txt */ = {isa = PBXBuildFile; fileRef = E11D1AB307E045699D2117CB /* /Users/matty/projects/bulkin/CMakeLists.txt */; };
		A550130CFF274EF487B6DEF7 /* /Users/matty/projects/bulkin/include/GLFW/glfw3native.h */ = {isa = PBXBuildFile; fileRef = 84E5BD7F208B4C1F892696EF /* /Users/matty/projects/bulkin/include/GLFW/glfw3native.h */; };
		A647AB21D2B04054A4D78379 /* /Users/matty/projects/bulkin/src/texture.cpp */ = {isa = PBXBuildFile; fileRef = 794D36B3E6874728A4AA5ED6 /* /Users/matty/projects/bulkin/src/texture.cpp */; };
		AB672CBEB3554E679BAA7037 /* /Users/matty/projects/bulkin/include/glm/glm/simd/common.h */ = {isa = PBXBuildFile; fileRef = 53B9FAA5B06B45B0903F0334 /* /Users/matty/projects/bulkin/include/glm/glm/simd/common.h */; };
		AF3842EB39E7488ABE412019 /* /Users/matty/projects/bulkin/include/glm/simd/exponential.h */ = {isa = PBXBuildFile; fileRef = 83BE280D7A2B4DB9A10337CF /* /Users/matty/projects/bulkin/include/glm/simd/exponential.h */; };
		B4CD729D088142ED8AA222B3 /* /Users/matty/projects/bulkin/include/glm/glm/simd/packing.h */ = {isa = PBXBuildFile; fileRef = 8A2352DEAEB0495FB14E9714 /* /Users/matty/projects/bulkin/include/glm/glm/simd/packing.h */; };
		B6C9CC13AFCE496FBCDDA448 /* /Users/matty/projects/bulkin/include/bulkin.h */ = {isa = PBXBuildFile; fileRef = 8FF422EDA74A49B6BA0B9228 /* /Users/matty/projects/bulkin/include/bulkin.h */; };
		B70ED91B7F25426D82B2B469 /* /Users/matty/projects/bulkin/include/glm/glm/simd/integer.h */ = {isa = PBXBuildFile; fileRef = C304AD25C4A745B0B4B341E7 /* /Users/matty/projects/bulkin/include/glm/glm/simd/integer.h */; };
		B9D87209676D401BA1AB4D66 /* /Users/matty/projects/bulkin/include/glm/simd/trigonometric.h */ = {isa = PBXBuildFile; fileRef = 8F82939AEE304CC2A4FB9600 /* /Users/matty/projects/bulkin/include/glm/simd/trigonometric.h */; };
		CD8F30F678AD43C2B0FF342A /* /Users/matty/projects/bulkin/include/stb_image.h */ = {isa = PBXBuildFile; fileRef = 10450B12875B4E128AF4FBE9 /* /Users/matty/projects/bulkin/include/stb_image.h */; };
		D05F4AA6ECB54E53BE8576C9 /* /Users/matty/projects/bulkin/include/graphics-pipeline.h */ = {isa = PBXBuildFile; fileRef = 1D26BA4BF104453AA8EC8CF2 /* /Users/matty/projects/bulkin/include/graphics-pipeline.h */; };
		DA51B82F07BE44C6BD200924 /* /Users/matty/projects/bulkin/include/glm/glm/simd/matrix.h */ = {isa = PBXBuildFile; fileRef = BE3744A276C441CE97949651 /* /Users/matty/projects/bulkin/include/glm/glm/simd/matrix.h */; };
		E2F32BCE976943FEB7454446 /* /Users/matty/projects/bulkin/include/glm/simd/common.h */ = {isa = PBXBuildFile; fileRef = 26E050B02B154D8C8677BDEC /* /Users/matty/projects/bulkin/include/glm/simd/common.h */; };
		E8CA0B22BFA3497990750578 /* /Users/matty/projects/bulkin/src/camera.cpp */ = {isa = PBXBuildFile; fileRef = 76BC6365ED864B9DA92CE94D /* /Users/matty/projects/bulkin/src/camera.cpp */; };
		ED8B643CCD7E42FAA1E06534 /* /Users/matty/projects/bulkin/include/glm/glm/simd/vector_relational.h */ = {isa = PBXBuildFile; fileRef = 6342A3B055FB4EB7971F769A /* /Users/matty/projects/bulkin/include/glm/glm/simd/vector_relational.h */; };
		F41608D0774A4897912A510E /* /Users/matty/projects/bulkin/include/glm/simd/geometric.h */ = {isa = PBXBuildFile; fileRef = F777930E28A9408D9A6CA7D0 /* /Users/matty/projects/bulkin/include/glm/simd/geometric.h */; };
		F7FB567B8765418E9623609B /* /Users/matty/projects/bulkin/include/GLFW/glfw3.h */ = {isa = PBXBuildFile; fileRef = 2E0947B3747D49EC8C213058 /* /Users/matty/projects/bulkin/include/GLFW/glfw3.h */; };
		F8000ADE40144930A5BC9420 /* /Users/matty/projects/bulkin/include/texture.h */ = {isa = PBXBuildFile; fileRef = 246795838BE34E98AB782448 /* /Users/matty/projects/bulkin/include/texture.h */; };
		FB9D3A2084C4453894724A4E /* /Users/matty/projects/bulkin/include/buffer.h */ = {isa = PBXBuildFile; fileRef = 946CA69431B949A08494A6F4 /* /Users/matty/projects/bulkin/include/buffer.h */; };
/* End PBXBuildFile section */

/* Begin PBXBuildStyle section */
		0241296148EC4A3AA20F6847 /* MinSizeRel */ = {
			isa = PBXBuildStyle;
			buildSettings = {
				COPY_PHASE_STRIP = NO;
			};
			name = MinSizeRel;
		};
		23CE43CF986549B9B509E2DB /* Debug */ = {
			isa = PBXBuildStyle;
			buildSettings = {
				COPY_PHASE_STRIP = NO;
			};
			name = Debug;
		};
		74EA71A3E4BD40A7BBBA85AC /* Release */ = {
			isa = PBXBuildStyle;
			buildSettings = {
				COPY_PHASE_STRIP = NO;
			};
			name = Release;
		};
		CAFB17033B5F4FC6B81E7FAF /* RelWithDebInfo */ = {
			isa = PBXBuildStyle;
			buildSettings = {
				COPY_PHASE_STRIP = NO;
			};
			name = RelWithDebInfo;
		};
/* End PBXBuildStyle section */

/* Begin PBXContainerItemProxy section */
		2A4444E7759C4D2AB79B850A /* PBXContainerItemProxy */ = {
			isa = PBXContainerItemProxy;
			containerPortal = 29A39EBD7E8C4741936F3DAA /* Project object */;
			proxyType = 1;
			remoteGlobalIDString = 45CB4198BEAE48C72CC65C47;
			remoteInfo = ZERO_CHECK;
		};
		6613B5E09F7945669F1487F4 /* PBXContainerItemProxy */ = {
			isa = PBXContainerItemProxy;
			containerPortal = 29A39EBD7E8C4741936F3DAA /* Project object */;
			proxyType = 1;
			remoteGlobalIDString = A44DA1923D29FAEE272C6CE8;
			remoteInfo = bulkin;
		};
		C5A2F377AF0D4821A668CDA5 /* PBXContainerItemProxy */ = {
			isa = PBXContainerItemProxy;
			containerPortal = 29A39EBD7E8C4741936F3DAA /* Project object */;
			proxyType = 1;
			remoteGlobalIDString = 45CB4198BEAE48C72CC65C47;
			remoteInfo = ZERO_CHECK;
		};
/* End PBXContainerItemProxy section */

/* Begin PBXFileReference section */
		02163DB3F6E7499986C54892 /* /Users/matty/projects/bulkin/include/tiny_obj_loader.h */ = {isa = PBXFileReference; explicitFileType = sourcecode.c.h; fileEncoding = 4; name = tiny_obj_loader.h; path = include/tiny_obj_loader.h; sourceTree = SOURCE_ROOT; };
		10450B12875B4E128AF4FBE9 /* /Users/matty/projects/bulkin/include/stb_image.h */ = {isa = PBXFileReference; explicitFileType = sourcecode.c.h; fileEncoding = 4; name = stb_image.h; path = include/stb_image.h; sourceTree = SOURCE_ROOT; };
		14EEDB6AE0D34358939E2750 /* /Users/matty/projects/bulkin/CMakeLists.txt */ = {isa = PBXFileReference; explicitFileType = sourcecode.text; fileEncoding = 4; name = CMakeLists.txt; path = CMakeLists.txt; sourceTree = SOURCE_ROOT; };
		1D26BA4BF104453AA8EC8CF2 /* /Users/matty/projects/bulkin/include/graphics-pipeline.h */ = {isa = PBXFileReference; explicitFileType = sourcecode.c.h; fileEncoding = 4; name = "graphics-pipeline.h"; path = "include/graphics-pipeline.h"; sourceTree = SOURCE_ROOT; };
		23F7FEE4193B4029BA5FED45 /* /Users/matty/projects/bulkin/include/vertex.h */ = {isa = PBXFileReference; explicitFileType = sourcecode.c.h; fileEncoding = 4; name = vertex.h; path = include/vertex.h; sourceTree = SOURCE_ROOT; };
		246795838BE34E98AB782448 /* /Users/matty/projects/bulkin/include/texture.h */ = {isa = PBXFileReference; explicitFileType = sourcecode.c.h; fileEncoding = 4; name = texture.h; path = include/texture.h; sourceTree = SOURCE_ROOT; };
		26E050B02B154D8C8677BDEC /* /Users/matty/projects/bulkin/include/glm/simd/common.h */ = {isa = PBXFileReference; explicitFileType = sourcecode.c.h; fileEncoding = 4; name = common.h; path = include/glm/simd/common.h; sourceTree = SOURCE_ROOT; };
		2E0947B3747D49EC8C213058 /* /Users/matty/projects/bulkin/include/GLFW/glfw3.h */ = {isa = PBXFileReference; explicitFileType = sourcecode.c.h; fileEncoding = 4; name = glfw3.h; path = include/GLFW/glfw3.h; sourceTree = SOURCE_ROOT; };
		42C43678F09344B3A6A091A6 /* /Users/matty/projects/bulkin/include/queue-family.h */ = {isa = PBXFileReference; explicitFileType = sourcecode.c.h; fileEncoding = 4; name = "queue-family.h"; path = "include/queue-family.h"; sourceTree = SOURCE_ROOT; };
		433486ABCC0A49A9A1C176D8 /* /Users/matty/projects/bulkin/src/bulkin.cpp */ = {isa = PBXFileReference; explicitFileType = sourcecode.cpp.cpp; fileEncoding = 4; name = bulkin.cpp; path = src/bulkin.cpp; sourceTree = SOURCE_ROOT; };
		464F0BE1902940869047D25A /* /Users/matty/projects/bulkin/include/camera.h */ = {isa = PBXFileReference; explicitFileType = sourcecode.c.h; fileEncoding = 4; name = camera.h; path = include/camera.h; sourceTree = SOURCE_ROOT; };
		53B9FAA5B06B45B0903F0334 /* /Users/matty/projects/bulkin/include/glm/glm/simd/common.h */ = {isa = PBXFileReference; explicitFileType = sourcecode.c.h; fileEncoding = 4; name = common.h; path = include/glm/glm/simd/common.h; sourceTree = SOURCE_ROOT; };
		548E17E205BD43AE8C680C1F /* /Users/matty/projects/bulkin/include/glm/glm/simd/trigonometric.h */ = {isa = PBXFileReference; explicitFileType = sourcecode.c.h; fileEncoding = 4; name = trigonometric.h; path = include/glm/glm/simd/trigonometric.h; sourceTree = SOURCE_ROOT; };
		5D1493699A7B4E609099BE44 /* /Users/matty/projects/bulkin/src/buffer.cpp */ = {isa = PBXFileReference; explicitFileType = sourcecode.cpp.cpp; fileEncoding = 4; name = buffer.cpp; path = src/buffer.cpp; sourceTree = SOURCE_ROOT; };
		6342A3B055FB4EB7971F769A /* /Users/matty/projects/bulkin/include/glm/glm/simd/vector_relational.h */ = {isa = PBXFileReference; explicitFileType = sourcecode.c.h; fileEncoding = 4; name = vector_relational.h; path = include/glm/glm/simd/vector_relational.h; sourceTree = SOURCE_ROOT; };
		68245469901B46BFB47783D6 /* /Users/matty/projects/bulkin/src/graphics-pipeline.cpp */ = {isa = PBXFileReference; explicitFileType = sourcecode.cpp.cpp; fileEncoding = 4; name = "graphics-pipeline.cpp"; path = "src/graphics-pipeline.cpp"; sourceTree = SOURCE_ROOT; };
		6A16D6AF00DF4282A6BBA222 /* /Users/matty/projects/bulkin/include/glm/simd/platform.h */ = {isa = PBXFileReference; explicitFileType = sourcecode.c.h; fileEncoding = 4; name = platform.h; path = include/glm/simd/platform.h; sourceTree = SOURCE_ROOT; };
		6BF56D6B3E17402080ED5F8A /* /Users/matty/projects/bulkin/src/swapchain.cpp */ = {isa = PBXFileReference; explicitFileType = sourcecode.cpp.cpp; fileEncoding = 4; name = swapchain.cpp; path = src/swapchain.cpp; sourceTree = SOURCE_ROOT; };
		76BC6365ED864B9DA92CE94D /* /Users/matty/projects/bulkin/src/camera.cpp */ = {isa = PBXFileReference; explicitFileType = sourcecode.cpp.cpp; fileEncoding = 4; name = camera.cpp; path = src/camera.cpp; sourceTree = SOURCE_ROOT; };
		794D36B3E6874728A4AA5ED6 /* /Users/matty/projects/bulkin/src/texture.cpp */ = {isa = PBXFileReference; explicitFileType = sourcecode.cpp.cpp; fileEncoding = 4; name = texture.cpp; path = src/texture.cpp; sourceTree = SOURCE_ROOT; };
		7C7583C3BCC84E0E80DC9ABA /* /Users/matty/projects/bulkin/include/constants.h */ = {isa = PBXFileReference; explicitFileType = sourcecode.c.h; fileEncoding = 4; name = constants.h; path = include/constants.h; sourceTree = SOURCE_ROOT; };
		818B6EA7C7E74470877D7FDD /* /Users/matty/projects/bulkin/include/glm/simd/vector_relational.h */ = {isa = PBXFileReference; explicitFileType = sourcecode.c.h; fileEncoding = 4; name = vector_relational.h; path = include/glm/simd/vector_relational.h; sourceTree = SOURCE_ROOT; };
		83BE280D7A2B4DB9A10337CF /* /Users/matty/projects/bulkin/include/glm/simd/exponential.h */ = {isa = PBXFileReference; explicitFileType = sourcecode.c.h; fileEncoding = 4; name = exponential.h; path = include/glm/simd/exponential.h; sourceTree = SOURCE_ROOT; };
		84E5BD7F208B4C1F892696EF /* /Users/matty/projects/bulkin/include/GLFW/glfw3native.h */ = {isa = PBXFileReference; explicitFileType = sourcecode.c.h; fileEncoding = 4; name = glfw3native.h; path = include/GLFW/glfw3native.h; sourceTree = SOURCE_ROOT; };
		8A2352DEAEB0495FB14E9714 /* /Users/matty/projects/bulkin/include/glm/glm/simd/packing.h */ = {isa = PBXFileReference; explicitFileType = sourcecode.c.h; fileEncoding = 4; name = packing.h; path = include/glm/glm/simd/packing.h; sourceTree = SOURCE_ROOT; };
		8B107041753E4DEC9C388773 /* /Users/matty/projects/bulkin/src/device.cpp */ = {isa = PBXFileReference; explicitFileType = sourcecode.cpp.cpp; fileEncoding = 4; name = device.cpp; path = src/device.cpp; sourceTree = SOURCE_ROOT; };
		8F82939AEE304CC2A4FB9600 /* /Users/matty/projects/bulkin/include/glm/simd/trigonometric.h */ = {isa = PBXFileReference; explicitFileType = sourcecode.c.h; fileEncoding = 4; name = trigonometric.h; path = include/glm/simd/trigonometric.h; sourceTree = SOURCE_ROOT; };
		8FF422EDA74A49B6BA0B9228 /* /Users/matty/projects/bulkin/include/bulkin.h */ = {isa = PBXFileReference; explicitFileType = sourcecode.c.h; fileEncoding = 4; name = bulkin.h; path = include/bulkin.h; sourceTree = SOURCE_ROOT; };
		946CA69431B949A08494A6F4 /* /Users/matty/projects/bulkin/include/buffer.h */ = {isa = PBXFileReference; explicitFileType = sourcecode.c.h; fileEncoding = 4; name = buffer.h; path = include/buffer.h; sourceTree = SOURCE_ROOT; };
		965366577E1743D69985B92E /* /Users/matty/projects/bulkin/include/glm/simd/matrix.h */ = {isa = PBXFileReference; explicitFileType = sourcecode.c.h; fileEncoding = 4; name = matrix.h; path = include/glm/simd/matrix.h; sourceTree = SOURCE_ROOT; };
		A086A4C8283841A8BAD8E31F /* /Users/matty/projects/bulkin/include/glm/glm/simd/geometric.h */ = {isa = PBXFileReference; explicitFileType = sourcecode.c.h; fileEncoding = 4; name = geometric.h; path = include/glm/glm/simd/geometric.h; sourceTree = SOURCE_ROOT; };
		A3D52677112F4A9BB3F836AE /* /Users/matty/projects/bulkin/include/glm/simd/integer.h */ = {isa = PBXFileReference; explicitFileType = sourcecode.c.h; fileEncoding = 4; name = integer.h; path = include/glm/simd/integer.h; sourceTree = SOURCE_ROOT; };
		B0F6B3146FC344F9A8A6B432 /* /Users/matty/projects/bulkin/include/quad.h */ = {isa = PBXFileReference; explicitFileType = sourcecode.c.h; fileEncoding = 4; name = quad.h; path = include/quad.h; sourceTree = SOURCE_ROOT; };
		BD14B1F1DC8F4589AF468B5E /* /Users/matty/projects/bulkin/include/frag-shader.h */ = {isa = PBXFileReference; explicitFileType = sourcecode.c.h; fileEncoding = 4; name = "frag-shader.h"; path = "include/frag-shader.h"; sourceTree = SOURCE_ROOT; };
		BE3744A276C441CE97949651 /* /Users/matty/projects/bulkin/include/glm/glm/simd/matrix.h */ = {isa = PBXFileReference; explicitFileType = sourcecode.c.h; fileEncoding = 4; name = matrix.h; path = include/glm/glm/simd/matrix.h; sourceTree = SOURCE_ROOT; };
		C251C218D3134997BC86944C /* /Users/matty/projects/bulkin/include/glm/glm/simd/exponential.h */ = {isa = PBXFileReference; explicitFileType = sourcecode.c.h; fileEncoding = 4; name = exponential.h; path = include/glm/glm/simd/exponential.h; sourceTree = SOURCE_ROOT; };
		C304AD25C4A745B0B4B341E7 /* /Users/matty/projects/bulkin/include/glm/glm/simd/integer.h */ = {isa = PBXFileReference; explicitFileType = sourcecode.c.h; fileEncoding = 4; name = integer.h; path = include/glm/glm/simd/integer.h; sourceTree = SOURCE_ROOT; };
		C44AF07FA3E047108BB83158 /* /Users/matty/projects/bulkin/include/glm/simd/neon.h */ = {isa = PBXFileReference; explicitFileType = sourcecode.c.h; fileEncoding = 4; name = neon.h; path = include/glm/simd/neon.h; sourceTree = SOURCE_ROOT; };
		CB258865419A4E7BB9963CA8 /* bulkin */ = {isa = PBXFileReference; explicitFileType = archive.ar; path = libbulkin.a; sourceTree = BUILT_PRODUCTS_DIR; };
		DF45BF5674E6482DB9957AF8 /* /Users/matty/projects/bulkin/include/device.h */ = {isa = PBXFileReference; explicitFileType = sourcecode.c.h; fileEncoding = 4; name = device.h; path = include/device.h; sourceTree = SOURCE_ROOT; };
		E11D1AB307E045699D2117CB /* /Users/matty/projects/bulkin/CMakeLists.txt */ = {isa = PBXFileReference; explicitFileType = sourcecode.text; fileEncoding = 4; name = CMakeLists.txt; path = CMakeLists.txt; sourceTree = SOURCE_ROOT; };
		EC8B3532C4E94C29A747E987 /* /Users/matty/projects/bulkin/include/glm/glm/simd/platform.h */ = {isa = PBXFileReference; explicitFileType = sourcecode.c.h; fileEncoding = 4; name = platform.h; path = include/glm/glm/simd/platform.h; sourceTree = SOURCE_ROOT; };
		F1F79C62F5F24C03A6AEA558 /* /Users/matty/projects/bulkin/include/glm/glm/simd/neon.h */ = {isa = PBXFileReference; explicitFileType = sourcecode.c.h; fileEncoding = 4; name = neon.h; path = include/glm/glm/simd/neon.h; sourceTree = SOURCE_ROOT; };
		F38BF61C68614300A9D097EB /* /Users/matty/projects/bulkin/src/quad.cpp */ = {isa = PBXFileReference; explicitFileType = sourcecode.cpp.cpp; fileEncoding = 4; name = quad.cpp; path = src/quad.cpp; sourceTree = SOURCE_ROOT; };
		F3AB89AAAA4042509B35F069 /* /Users/matty/projects/bulkin/include/vert-shader.h */ = {isa = PBXFileReference; explicitFileType = sourcecode.c.h; fileEncoding = 4; name = "vert-shader.h"; path = "include/vert-shader.h"; sourceTree = SOURCE_ROOT; };
		F4FB5B29A9174FEEB985EE37 /* /Users/matty/projects/bulkin/include/glm/simd/packing.h */ = {isa = PBXFileReference; explicitFileType = sourcecode.c.h; fileEncoding = 4; name = packing.h; path = include/glm/simd/packing.h; sourceTree = SOURCE_ROOT; };
		F777930E28A9408D9A6CA7D0 /* /Users/matty/projects/bulkin/include/glm/simd/geometric.h */ = {isa = PBXFileReference; explicitFileType = sourcecode.c.h; fileEncoding = 4; name = geometric.h; path = include/glm/simd/geometric.h; sourceTree = SOURCE_ROOT; };
		F8C37F2FD14D4248834F6683 /* /Users/matty/projects/bulkin/include/swapchain.h */ = {isa = PBXFileReference; explicitFileType = sourcecode.c.h; fileEncoding = 4; name = swapchain.h; path = include/swapchain.h; sourceTree = SOURCE_ROOT; };
/* End PBXFileReference section */

/* Begin PBXFrameworksBuildPhase section */
		CEC4C5C709D34354AD7F3AEC /* Frameworks */ = {
			isa = PBXFrameworksBuildPhase;
			buildActionMask = 2147483647;
			files = (
			);
			runOnlyForDeploymentPostprocessing = 0;
		};
/* End PBXFrameworksBuildPhase section */

/* Begin PBXGroup section */
		0F426FF958DD41D9A272DBA9 /* ALL_BUILD */ = {
			isa = PBXGroup;
			children = (
				85A4BA9225F040B18FF7D82C /* CMake Rules */,
				14EEDB6AE0D34358939E2750 /* /Users/matty/projects/bulkin/CMakeLists.txt */,
			);
			name = ALL_BUILD;
			sourceTree = "<group>";
		};
		56895A2E982D4263B4E912C4 = {
			isa = PBXGroup;
			children = (
				58E5420844AE4FEDACB7B1EF /* bulkin */,
				0F426FF958DD41D9A272DBA9 /* ALL_BUILD */,
				A69F59B23EFA4F2CA7B2F703 /* Products */,
				6A93E527862A42349C2FBA25 /* Frameworks */,
				5A3FEB5BD71341F59224F665 /* Resources */,
			);
			sourceTree = "<group>";
		};
		58E5420844AE4FEDACB7B1EF /* bulkin */ = {
			isa = PBXGroup;
			children = (
				795A44E9763D4E358A09BEBD /* Source Files */,
				CB2DA5166F754EBBB909FDC7 /* Header Files */,
				E11D1AB307E045699D2117CB /* /Users/matty/projects/bulkin/CMakeLists.txt */,
			);
			name = bulkin;
			sourceTree = "<group>";
		};
		5A3FEB5BD71341F59224F665 /* Resources */ = {
			isa = PBXGroup;
			children = (
			);
			name = Resources;
			sourceTree = "<group>";
		};
		6A93E527862A42349C2FBA25 /* Frameworks */ = {
			isa = PBXGroup;
			children = (
			);
			name = Frameworks;
			sourceTree = "<group>";
		};
		795A44E9763D4E358A09BEBD /* Source Files */ = {
			isa = PBXGroup;
			children = (
				5D1493699A7B4E609099BE44 /* /Users/matty/projects/bulkin/src/buffer.cpp */,
				433486ABCC0A49A9A1C176D8 /* /Users/matty/projects/bulkin/src/bulkin.cpp */,
				76BC6365ED864B9DA92CE94D /* /Users/matty/projects/bulkin/src/camera.cpp */,
				8B107041753E4DEC9C388773 /* /Users/matty/projects/bulkin/src/device.cpp */,
				68245469901B46BFB47783D6 /* /Users/matty/projects/bulkin/src/graphics-pipeline.cpp */,
				F38BF61C68614300A9D097EB /* /Users/matty/projects/bulkin/src/quad.cpp */,
				6BF56D6B3E17402080ED5F8A /* /Users/matty/projects/bulkin/src/swapchain.cpp */,
				794D36B3E6874728A4AA5ED6 /* /Users/matty/projects/bulkin/src/texture.cpp */,
			);
			name = "Source Files";
			sourceTree = "<group>";
		};
		85A4BA9225F040B18FF7D82C /* CMake Rules */ = {
			isa = PBXGroup;
			children = (
			);
			name = "CMake Rules";
			sourceTree = "<group>";
		};
		A69F59B23EFA4F2CA7B2F703 /* Products */ = {
			isa = PBXGroup;
			children = (
				CB258865419A4E7BB9963CA8 /* bulkin */,
			);
			name = Products;
			sourceTree = "<group>";
		};
		CB2DA5166F754EBBB909FDC7 /* Header Files */ = {
			isa = PBXGroup;
			children = (
				2E0947B3747D49EC8C213058 /* /Users/matty/projects/bulkin/include/GLFW/glfw3.h */,
				84E5BD7F208B4C1F892696EF /* /Users/matty/projects/bulkin/include/GLFW/glfw3native.h */,
				946CA69431B949A08494A6F4 /* /Users/matty/projects/bulkin/include/buffer.h */,
				8FF422EDA74A49B6BA0B9228 /* /Users/matty/projects/bulkin/include/bulkin.h */,
				464F0BE1902940869047D25A /* /Users/matty/projects/bulkin/include/camera.h */,
				7C7583C3BCC84E0E80DC9ABA /* /Users/matty/projects/bulkin/include/constants.h */,
				DF45BF5674E6482DB9957AF8 /* /Users/matty/projects/bulkin/include/device.h */,
				BD14B1F1DC8F4589AF468B5E /* /Users/matty/projects/bulkin/include/frag-shader.h */,
				53B9FAA5B06B45B0903F0334 /* /Users/matty/projects/bulkin/include/glm/glm/simd/common.h */,
				C251C218D3134997BC86944C /* /Users/matty/projects/bulkin/include/glm/glm/simd/exponential.h */,
				A086A4C8283841A8BAD8E31F /* /Users/matty/projects/bulkin/include/glm/glm/simd/geometric.h */,
				C304AD25C4A745B0B4B341E7 /* /Users/matty/projects/bulkin/include/glm/glm/simd/integer.h */,
				BE3744A276C441CE97949651 /* /Users/matty/projects/bulkin/include/glm/glm/simd/matrix.h */,
				F1F79C62F5F24C03A6AEA558 /* /Users/matty/projects/bulkin/include/glm/glm/simd/neon.h */,
				8A2352DEAEB0495FB14E9714 /* /Users/matty/projects/bulkin/include/glm/glm/simd/packing.h */,
				EC8B3532C4E94C29A747E987 /* /Users/matty/projects/bulkin/include/glm/glm/simd/platform.h */,
				548E17E205BD43AE8C680C1F /* /Users/matty/projects/bulkin/include/glm/glm/simd/trigonometric.h */,
				6342A3B055FB4EB7971F769A /* /Users/matty/projects/bulkin/include/glm/glm/simd/vector_relational.h */,
				26E050B02B154D8C8677BDEC /* /Users/matty/projects/bulkin/include/glm/simd/common.h */,
				83BE280D7A2B4DB9A10337CF /* /Users/matty/projects/bulkin/include/glm/simd/exponential.h */,
				F777930E28A9408D9A6CA7D0 /* /Users/matty/projects/bulkin/include/glm/simd/geometric.h */,
				A3D52677112F4A9BB3F836AE /* /Users/matty/projects/bulkin/include/glm/simd/integer.h */,
				965366577E1743D69985B92E /* /Users/matty/projects/bulkin/include/glm/simd/matrix.h */,
				C44AF07FA3E047108BB83158 /* /Users/matty/projects/bulkin/include/glm/simd/neon.h */,
				F4FB5B29A9174FEEB985EE37 /* /Users/matty/projects/bulkin/include/glm/simd/packing.h */,
				6A16D6AF00DF4282A6BBA222 /* /Users/matty/projects/bulkin/include/glm/simd/platform.h */,
				8F82939AEE304CC2A4FB9600 /* /Users/matty/projects/bulkin/include/glm/simd/trigonometric.h */,
				818B6EA7C7E74470877D7FDD /* /Users/matty/projects/bulkin/include/glm/simd/vector_relational.h */,
				1D26BA4BF104453AA8EC8CF2 /* /Users/matty/projects/bulkin/include/graphics-pipeline.h */,
				B0F6B3146FC344F9A8A6B432 /* /Users/matty/projects/bulkin/include/quad.h */,
				42C43678F09344B3A6A091A6 /* /Users/matty/projects/bulkin/include/queue-family.h */,
				10450B12875B4E128AF4FBE9 /* /Users/matty/projects/bulkin/include/stb_image.h */,
				F8C37F2FD14D4248834F6683 /* /Users/matty/projects/bulkin/include/swapchain.h */,
				246795838BE34E98AB782448 /* /Users/matty/projects/bulkin/include/texture.h */,
				02163DB3F6E7499986C54892 /* /Users/matty/projects/bulkin/include/tiny_obj_loader.h */,
				F3AB89AAAA4042509B35F069 /* /Users/matty/projects/bulkin/include/vert-shader.h */,
				23F7FEE4193B4029BA5FED45 /* /Users/matty/projects/bulkin/include/vertex.h */,
			);
			name = "Header Files";
			sourceTree = "<group>";
		};
/* End PBXGroup section */

/* Begin PBXNativeTarget section */
		A44DA1923D29FAEE272C6CE8 /* bulkin */ = {
			isa = PBXNativeTarget;
			buildConfigurationList = 2056547A01E54EDFB3C35493 /* Build configuration list for PBXNativeTarget "bulkin" */;
			buildPhases = (
				7755A1C40CEB469C8CD12904 /* Sources */,
				CEC4C5C709D34354AD7F3AEC /* Frameworks */,
			);
			buildRules = (
			);
			dependencies = (
				38A00892BDE541D9A5DEA479 /* PBXTargetDependency */,
			);
			name = bulkin;
			productName = bulkin;
			productReference = CB258865419A4E7BB9963CA8 /* bulkin */;
			productType = "com.apple.product-type.library.static";
		};
/* End PBXNativeTarget section */

/* Begin PBXProject section */
		29A39EBD7E8C4741936F3DAA /* Project object */ = {
			isa = PBXProject;
			attributes = {
				BuildIndependentTargetsInParallel = YES;
				LastUpgradeCheck = 2600;
			};
			buildConfigurationList = EDC66AE1AD894AC8B4F0A548 /* Build configuration list for PBXProject "bulkin" */;
			buildSettings = {
			};
			buildStyles = (
				23CE43CF986549B9B509E2DB /* Debug */,
				74EA71A3E4BD40A7BBBA85AC /* Release */,
				0241296148EC4A3AA20F6847 /* MinSizeRel */,
				CAFB17033B5F4FC6B81E7FAF /* RelWithDebInfo */,
			);
			compatibilityVersion = "Xcode 3.2";
			hasScannedForEncodings = 0;
			mainGroup = 56895A2E982D4263B4E912C4;
			projectDirPath = /Users/matty/projects/bulkin;
			projectRoot = "";
			targets = (
				AECBB409D8F5224C5DFD4771 /* ALL_BUILD */,
				A44DA1923D29FAEE272C6CE8 /* bulkin */,
				45CB4198BEAE48C72CC65C47 /* ZERO_CHECK */,
			);
		};
/* End PBXProject section */

/* Begin PBXShellScriptBuildPhase section */
		0EB5E8DCC5A7F4134EC36808 /* Generate CMakeFiles/ZERO_CHECK */ = {
			isa = PBXShellScriptBuildPhase;
			alwaysOutOfDate = 1;
			buildActionMask = 2147483647;
			files = (
			);
			inputPaths = (
			);
			name = "Generate CMakeFiles/ZERO_CHECK";
			outputPaths = (
/Users/matty/projects/boba/bulkin/CMakeFiles/ZERO_CHECK			);
			runOnlyForDeploymentPostprocessing = 0;
			shellPath = /bin/sh;
			shellScript = "set -e
if test \"$CONFIGURATION\" = \"Debug\"; then :
  cd /Users/matty/projects/boba/bulkin
  make -f /Users/matty/projects/boba/bulkin/CMakeScripts/ReRunCMake.make
fi
if test \"$CONFIGURATION\" = \"Release\"; then :
  cd /Users/matty/projects/boba/bulkin
  make -f /Users/matty/projects/boba/bulkin/CMakeScripts/ReRunCMake.make
fi
if test \"$CONFIGURATION\" = \"MinSizeRel\"; then :
  cd /Users/matty/projects/boba/bulkin
  make -f /Users/matty/projects/boba/bulkin/CMakeScripts/ReRunCMake.make
fi
if test \"$CONFIGURATION\" = \"RelWithDebInfo\"; then :
  cd /Users/matty/projects/boba/bulkin
  make -f /Users/matty/projects/boba/bulkin/CMakeScripts/ReRunCMake.make
fi
";
			showEnvVarsInLog = 0;
		};
		18360E19C022303B32985542 /* Generate CMakeFiles/ALL_BUILD */ = {
			isa = PBXShellScriptBuildPhase;
			alwaysOutOfDate = 1;
			buildActionMask = 2147483647;
			files = (
			);
			inputPaths = (
			);
			name = "Generate CMakeFiles/ALL_BUILD";
			outputPaths = (
/Users/matty/projects/boba/bulkin/CMakeFiles/ALL_BUILD			);
			runOnlyForDeploymentPostprocessing = 0;
			shellPath = /bin/sh;
			shellScript = "set -e
if test \"$CONFIGURATION\" = \"Debug\"; then :
  cd /Users/matty/projects/boba/bulkin
  echo Build\\ all\\ projects
fi
if test \"$CONFIGURATION\" = \"Release\"; then :
  cd /Users/matty/projects/boba/bulkin
  echo Build\\ all\\ projects
fi
if test \"$CONFIGURATION\" = \"MinSizeRel\"; then :
  cd /Users/matty/projects/boba/bulkin
  echo Build\\ all\\ projects
fi
if test \"$CONFIGURATION\" = \"RelWithDebInfo\"; then :
  cd /Users/matty/projects/boba/bulkin
  echo Build\\ all\\ projects
fi
";
			showEnvVarsInLog = 0;
		};
		3C0110FC8322DE7E50886E21 = {
			isa = PBXShellScriptBuildPhase;
			buildActionMask = 2147483647;
			files = (
			);
			inputPaths = (
			);
			outputPaths = (
			);
			runOnlyForDeploymentPostprocessing = 0;
			shellPath = /bin/sh;
			shellScript = "# shell script goes here
exit 0";
			showEnvVarsInLog = 0;
		};
		9B50530E35CC49C82C2FACCF = {
			isa = PBXShellScriptBuildPhase;
			buildActionMask = 2147483647;
			files = (
			);
			inputPaths = (
			);
			outputPaths = (
			);
			runOnlyForDeploymentPostprocessing = 0;
			shellPath = /bin/sh;
			shellScript = "# shell script goes here
exit 0";
			showEnvVarsInLog = 0;
		};
/* End PBXShellScriptBuildPhase section */

/* Begin PBXSourcesBuildPhase section */
		7755A1C40CEB469C8CD12904 /* Sources */ = {
			isa = PBXSourcesBuildPhase;
			buildActionMask = 2147483647;
			files = (
				8A71804D0EE6408DAC626A27 /* /Users/matty/projects/bulkin/src/buffer.cpp */,
				2407FFBDCA5740599BBFE158 /* /Users/matty/projects/bulkin/src/bulkin.cpp */,
				E8CA0B22BFA3497990750578 /* /Users/matty/projects/bulkin/src/camera.cpp */,
				385F7DDF9B54416BB02E0AD4 /* /Users/matty/projects/bulkin/src/device.cpp */,
				20FA459537334056B67F9994 /* /Users/matty/projects/bulkin/src/graphics-pipeline.cpp */,
				1C85437E0C534B9AB5D80347 /* /Users/matty/projects/bulkin/src/quad.cpp */,
				05E9B742A018485C960F4600 /* /Users/matty/projects/bulkin/src/swapchain.cpp */,
				A647AB21D2B04054A4D78379 /* /Users/matty/projects/bulkin/src/texture.cpp */,
			);
			runOnlyForDeploymentPostprocessing = 0;
		};
/* End PBXSourcesBuildPhase section */

/* Begin PBXTargetDependency section */
		07B49DB4A08544A9A82761D4 /* PBXTargetDependency */ = {
			isa = PBXTargetDependency;
			target = A44DA1923D29FAEE272C6CE8 /* bulkin */;
			targetProxy = 6613B5E09F7945669F1487F4 /* PBXContainerItemProxy */;
		};
		38A00892BDE541D9A5DEA479 /* PBXTargetDependency */ = {
			isa = PBXTargetDependency;
			target = 45CB4198BEAE48C72CC65C47 /* ZERO_CHECK */;
			targetProxy = 2A4444E7759C4D2AB79B850A /* PBXContainerItemProxy */;
		};
		9DF12440BCE547E58AA4C13E /* PBXTargetDependency */ = {
			isa = PBXTargetDependency;
			target = 45CB4198BEAE48C72CC65C47 /* ZERO_CHECK */;
			targetProxy = C5A2F377AF0D4821A668CDA5 /* PBXContainerItemProxy */;
		};
/* End PBXTargetDependency section */

/* Begin XCBuildConfiguration section */
		00CAAC7C24504D4E927DB787 /* Debug */ = {
			isa = XCBuildConfiguration;
			buildSettings = {
				ALWAYS_SEARCH_USER_PATHS = NO;
				ARCHS = arm64;
				COMBINE_HIDPI_IMAGES = YES;
				GCC_GENERATE_DEBUGGING_SYMBOLS = YES;
				GCC_INLINES_ARE_PRIVATE_EXTERN = NO;
				GCC_OPTIMIZATION_LEVEL = 0;
				GCC_PREPROCESSOR_DEFINITIONS = ("'CMAKE_INTDIR=\"$(CONFIGURATION)$(EFFECTIVE_PLATFORM_NAME)\"'","$(inherited)");
				GCC_SYMBOLS_PRIVATE_EXTERN = NO;
				INSTALL_PATH = "";
				ONLY_ACTIVE_ARCH = NO;
				OTHER_LDFLAGS = ("","$(inherited)");
				OTHER_REZFLAGS = "";
				PRODUCT_NAME = ZERO_CHECK;
				SECTORDER_FLAGS = "";
				USE_HEADERMAP = NO;
				WARNING_CFLAGS = ("$(inherited)");
			};
			name = Debug;
		};
		0896F49C737B48528398A387 /* Release */ = {
			isa = XCBuildConfiguration;
			buildSettings = {
				ALWAYS_SEARCH_USER_PATHS = NO;
				ARCHS = arm64;
				COMBINE_HIDPI_IMAGES = YES;
				GCC_GENERATE_DEBUGGING_SYMBOLS = YES;
				GCC_INLINES_ARE_PRIVATE_EXTERN = NO;
				GCC_OPTIMIZATION_LEVEL = 0;
				GCC_PREPROCESSOR_DEFINITIONS = ("'CMAKE_INTDIR=\"$(CONFIGURATION)$(EFFECTIVE_PLATFORM_NAME)\"'","$(inherited)");
				GCC_SYMBOLS_PRIVATE_EXTERN = NO;
				INSTALL_PATH = "";
				ONLY_ACTIVE_ARCH = NO;
				OTHER_LDFLAGS = ("","$(inherited)");
				OTHER_REZFLAGS = "";
				PRODUCT_NAME = ZERO_CHECK;
				SECTORDER_FLAGS = "";
				USE_HEADERMAP = NO;
				WARNING_CFLAGS = ("$(inherited)");
			};
			name = Release;
		};
		24EB19B1020747BD93187860 /* RelWithDebInfo */ = {
			isa = XCBuildConfiguration;
			buildSettings = {
				ALWAYS_SEARCH_USER_PATHS = NO;
				ARCHS = arm64;
				COMBINE_HIDPI_IMAGES = YES;
				GCC_GENERATE_DEBUGGING_SYMBOLS = YES;
				GCC_INLINES_ARE_PRIVATE_EXTERN = NO;
				GCC_OPTIMIZATION_LEVEL = 0;
				GCC_PREPROCESSOR_DEFINITIONS = ("'CMAKE_INTDIR=\"$(CONFIGURATION)$(EFFECTIVE_PLATFORM_NAME)\"'","$(inherited)");
				GCC_SYMBOLS_PRIVATE_EXTERN = NO;
				INSTALL_PATH = "";
				ONLY_ACTIVE_ARCH = NO;
				OTHER_LDFLAGS = ("","$(inherited)");
				OTHER_REZFLAGS = "";
				PRODUCT_NAME = ALL_BUILD;
				SECTORDER_FLAGS = "";
				USE_HEADERMAP = NO;
				WARNING_CFLAGS = ("$(inherited)");
			};
			name = RelWithDebInfo;
		};
		651E2472613D4027A98A9134 /* RelWithDebInfo */ = {
			isa = XCBuildConfiguration;
			buildSettings = {
				ARCHS = arm64;
				SDKROOT = "";
				SWIFT_COMPILATION_MODE = wholemodule;
				SYMROOT = /Users/matty/projects/boba/build/build;
			};
			name = RelWithDebInfo;
		};
		6FF5E1A4AE8D4F458E8DD921 /* RelWithDebInfo */ = {
			isa = XCBuildConfiguration;
			buildSettings = {
				ALWAYS_SEARCH_USER_PATHS = NO;
				ARCHS = arm64;
				COMBINE_HIDPI_IMAGES = YES;
				CONFIGURATION_BUILD_DIR = /Users/matty/projects/boba/bulkin/RelWithDebInfo;
				EXECUTABLE_PREFIX = lib;
				EXECUTABLE_SUFFIX = .a;
				FRAMEWORK_SEARCH_PATHS = (/Applications/Xcode.app/Contents/Developer/Platforms/MacOSX.platform/Developer/SDKs/MacOSX26.0.sdk/System/Library/Frameworks,"$(inherited)");
				GCC_GENERATE_DEBUGGING_SYMBOLS = YES;
				GCC_INLINES_ARE_PRIVATE_EXTERN = NO;
				GCC_OPTIMIZATION_LEVEL = 2;
				GCC_PREPROCESSOR_DEFINITIONS = ("'CMAKE_INTDIR=\"$(CONFIGURATION)$(EFFECTIVE_PLATFORM_NAME)\"'","$(inherited)");
				GCC_SYMBOLS_PRIVATE_EXTERN = NO;
				HEADER_SEARCH_PATHS = (/Users/matty/projects/bulkin/include,"$(inherited)");
				INSTALL_PATH = "";
				LIBRARY_STYLE = STATIC;
				ONLY_ACTIVE_ARCH = NO;
				OTHER_CPLUSPLUSFLAGS = "       -DNDEBUG '-std=gnu++2b' -Wall -Wextra    ";
				OTHER_LIBTOOLFLAGS = ("");
				OTHER_REZFLAGS = "";
				PRODUCT_NAME = bulkin;
				SECTORDER_FLAGS = "";
				SYSTEM_HEADER_SEARCH_PATHS = (/Users/matty/vulkanSDK/default/macOS/include,"$(inherited)");
				TARGET_TEMP_DIR = "/Users/matty/projects/boba/build/build/bulkin.build/$(CONFIGURATION)$(EFFECTIVE_PLATFORM_NAME)";
				USE_HEADERMAP = NO;
				WARNING_CFLAGS = ("$(inherited)");
			};
			name = RelWithDebInfo;
		};
		70C21E19F5AD47F790248A54 /* Release */ = {
			isa = XCBuildConfiguration;
			buildSettings = {
				ALWAYS_SEARCH_USER_PATHS = NO;
				ARCHS = arm64;
				COMBINE_HIDPI_IMAGES = YES;
				GCC_GENERATE_DEBUGGING_SYMBOLS = YES;
				GCC_INLINES_ARE_PRIVATE_EXTERN = NO;
				GCC_OPTIMIZATION_LEVEL = 0;
				GCC_PREPROCESSOR_DEFINITIONS = ("'CMAKE_INTDIR=\"$(CONFIGURATION)$(EFFECTIVE_PLATFORM_NAME)\"'","$(inherited)");
				GCC_SYMBOLS_PRIVATE_EXTERN = NO;
				INSTALL_PATH = "";
				ONLY_ACTIVE_ARCH = NO;
				OTHER_LDFLAGS = ("","$(inherited)");
				OTHER_REZFLAGS = "";
				PRODUCT_NAME = ALL_BUILD;
				SECTORDER_FLAGS = "";
				USE_HEADERMAP = NO;
				WARNING_CFLAGS = ("$(inherited)");
			};
			name = Release;
		};
		903F79B80B3B42CD8681E452 /* Release */ = {
			isa = XCBuildConfiguration;
			buildSettings = {
				ALWAYS_SEARCH_USER_PATHS = NO;
				ARCHS = arm64;
				COMBINE_HIDPI_IMAGES = YES;
				CONFIGURATION_BUILD_DIR = /Users/matty/projects/boba/bulkin/Release;
				EXECUTABLE_PREFIX = lib;
				EXECUTABLE_SUFFIX = .a;
				FRAMEWORK_SEARCH_PATHS = (/Applications/Xcode.app/Contents/Developer/Platforms/MacOSX.platform/Developer/SDKs/MacOSX26.0.sdk/System/Library/Frameworks,"$(inherited)");
				GCC_GENERATE_DEBUGGING_SYMBOLS = YES;
				GCC_INLINES_ARE_PRIVATE_EXTERN = NO;
				GCC_OPTIMIZATION_LEVEL = 3;
				GCC_PREPROCESSOR_DEFINITIONS = ("'CMAKE_INTDIR=\"$(CONFIGURATION)$(EFFECTIVE_PLATFORM_NAME)\"'","$(inherited)");
				GCC_SYMBOLS_PRIVATE_EXTERN = NO;
				HEADER_SEARCH_PATHS = (/Users/matty/projects/bulkin/include,"$(inherited)");
				INSTALL_PATH = "";
				LIBRARY_STYLE = STATIC;
				ONLY_ACTIVE_ARCH = NO;
				OTHER_CPLUSPLUSFLAGS = "    -DNDEBUG '-std=gnu++2b' -Wall -Wextra    ";
				OTHER_LIBTOOLFLAGS = ("");
				OTHER_REZFLAGS = "";
				PRODUCT_NAME = bulkin;
				SECTORDER_FLAGS = "";
				SYSTEM_HEADER_SEARCH_PATHS = (/Users/matty/vulkanSDK/default/macOS/include,"$(inherited)");
				TARGET_TEMP_DIR = "/Users/matty/projects/boba/build/build/bulkin.build/$(CONFIGURATION)$(EFFECTIVE_PLATFORM_NAME)";
				USE_HEADERMAP = NO;
				WARNING_CFLAGS = ("$(inherited)");
			};
			name = Release;
		};
		955D4E7233C948E496420AD2 /* MinSizeRel */ = {
			isa = XCBuildConfiguration;
			buildSettings = {
				ALWAYS_SEARCH_USER_PATHS = NO;
				ARCHS = arm64;
				COMBINE_HIDPI_IMAGES = YES;
				CONFIGURATION_BUILD_DIR = /Users/matty/projects/boba/bulkin/MinSizeRel;
				EXECUTABLE_PREFIX = lib;
				EXECUTABLE_SUFFIX = .a;
				FRAMEWORK_SEARCH_PATHS = (/Applications/Xcode.app/Contents/Developer/Platforms/MacOSX.platform/Developer/SDKs/MacOSX26.0.sdk/System/Library/Frameworks,"$(inherited)");
				GCC_GENERATE_DEBUGGING_SYMBOLS = YES;
				GCC_INLINES_ARE_PRIVATE_EXTERN = NO;
				GCC_OPTIMIZATION_LEVEL = s;
				GCC_PREPROCESSOR_DEFINITIONS = ("'CMAKE_INTDIR=\"$(CONFIGURATION)$(EFFECTIVE_PLATFORM_NAME)\"'","$(inherited)");
				GCC_SYMBOLS_PRIVATE_EXTERN = NO;
				HEADER_SEARCH_PATHS = (/Users/matty/projects/bulkin/include,"$(inherited)");
				INSTALL_PATH = "";
				LIBRARY_STYLE = STATIC;
				ONLY_ACTIVE_ARCH = NO;
				OTHER_CPLUSPLUSFLAGS = "    -DNDEBUG '-std=gnu++2b' -Wall -Wextra    ";
				OTHER_LIBTOOLFLAGS = ("");
				OTHER_REZFLAGS = "";
				PRODUCT_NAME = bulkin;
				SECTORDER_FLAGS = "";
				SYSTEM_HEADER_SEARCH_PATHS = (/Users/matty/vulkanSDK/default/macOS/include,"$(inherited)");
				TARGET_TEMP_DIR = "/Users/matty/projects/boba/build/build/bulkin.build/$(CONFIGURATION)$(EFFECTIVE_PLATFORM_NAME)";
				USE_HEADERMAP = NO;
				WARNING_CFLAGS = ("$(inherited)");
			};
			name = MinSizeRel;
		};
		9B9F7E8F668745CEBB22543D /* MinSizeRel */ = {
			isa = XCBuildConfiguration;
			buildSettings = {
				ARCHS = arm64;
				SDKROOT = "";
				SWIFT_COMPILATION_MODE = wholemodule;
				SYMROOT = /Users/matty/projects/boba/build/build;
			};
			name = MinSizeRel;
		};
		B996DFC855424AA5B5A6E5A5 /* Debug */ = {
			isa = XCBuildConfiguration;
			buildSettings = {
				ALWAYS_SEARCH_USER_PATHS = NO;
				ARCHS = arm64;
				COMBINE_HIDPI_IMAGES = YES;
				CONFIGURATION_BUILD_DIR = /Users/matty/projects/boba/bulkin/Debug;
				EXECUTABLE_PREFIX = lib;
				EXECUTABLE_SUFFIX = .a;
				FRAMEWORK_SEARCH_PATHS = (/Applications/Xcode.app/Contents/Developer/Platforms/MacOSX.platform/Developer/SDKs/MacOSX26.0.sdk/System/Library/Frameworks,"$(inherited)");
				GCC_GENERATE_DEBUGGING_SYMBOLS = YES;
				GCC_INLINES_ARE_PRIVATE_EXTERN = NO;
				GCC_OPTIMIZATION_LEVEL = 0;
				GCC_PREPROCESSOR_DEFINITIONS = ("'CMAKE_INTDIR=\"$(CONFIGURATION)$(EFFECTIVE_PLATFORM_NAME)\"'","$(inherited)");
				GCC_SYMBOLS_PRIVATE_EXTERN = NO;
				HEADER_SEARCH_PATHS = (/Users/matty/projects/bulkin/include,"$(inherited)");
				INSTALL_PATH = "";
				LIBRARY_STYLE = STATIC;
				ONLY_ACTIVE_ARCH = NO;
				OTHER_CPLUSPLUSFLAGS = "   '-std=gnu++2b' -Wall -Wextra    ";
				OTHER_LIBTOOLFLAGS = ("");
				OTHER_REZFLAGS = "";
				PRODUCT_NAME = bulkin;
				SECTORDER_FLAGS = "";
				SYSTEM_HEADER_SEARCH_PATHS = (/Users/matty/vulkanSDK/default/macOS/include,"$(inherited)");
				TARGET_TEMP_DIR = "/Users/matty/projects/boba/build/build/bulkin.build/$(CONFIGURATION)$(EFFECTIVE_PLATFORM_NAME)";
				USE_HEADERMAP = NO;
				WARNING_CFLAGS = ("$(inherited)");
			};
			name = Debug;
		};
		BD8D5110911A4756A9C27303 /* Debug */ = {
			isa = XCBuildConfiguration;
			buildSettings = {
				ARCHS = arm64;
				SDKROOT = "";
				SYMROOT = /Users/matty/projects/boba/build/build;
			};
			name = Debug;
		};
		D744DAC975AE4EB2A659693C /* MinSizeRel */ = {
			isa = XCBuildConfiguration;
			buildSettings = {
				ALWAYS_SEARCH_USER_PATHS = NO;
				ARCHS = arm64;
				COMBINE_HIDPI_IMAGES = YES;
				GCC_GENERATE_DEBUGGING_SYMBOLS = YES;
				GCC_INLINES_ARE_PRIVATE_EXTERN = NO;
				GCC_OPTIMIZATION_LEVEL = 0;
				GCC_PREPROCESSOR_DEFINITIONS = ("'CMAKE_INTDIR=\"$(CONFIGURATION)$(EFFECTIVE_PLATFORM_NAME)\"'","$(inherited)");
				GCC_SYMBOLS_PRIVATE_EXTERN = NO;
				INSTALL_PATH = "";
				ONLY_ACTIVE_ARCH = NO;
				OTHER_LDFLAGS = ("","$(inherited)");
				OTHER_REZFLAGS = "";
				PRODUCT_NAME = ALL_BUILD;
				SECTORDER_FLAGS = "";
				USE_HEADERMAP = NO;
				WARNING_CFLAGS = ("$(inherited)");
			};
			name = MinSizeRel;
		};
		E3A5C7F2E62747C9826A7344 /* MinSizeRel */ = {
			isa = XCBuildConfiguration;
			buildSettings = {
				ALWAYS_SEARCH_USER_PATHS = NO;
				ARCHS = arm64;
				COMBINE_HIDPI_IMAGES = YES;
				GCC_GENERATE_DEBUGGING_SYMBOLS = YES;
				GCC_INLINES_ARE_PRIVATE_EXTERN = NO;
				GCC_OPTIMIZATION_LEVEL = 0;
				GCC_PREPROCESSOR_DEFINITIONS = ("'CMAKE_INTDIR=\"$(CONFIGURATION)$(EFFECTIVE_PLATFORM_NAME)\"'","$(inherited)");
				GCC_SYMBOLS_PRIVATE_EXTERN = NO;
				INSTALL_PATH = "";
				ONLY_ACTIVE_ARCH = NO;
				OTHER_LDFLAGS = ("","$(inherited)");
				OTHER_REZFLAGS = "";
				PRODUCT_NAME = ZERO_CHECK;
				SECTORDER_FLAGS = "";
				USE_HEADERMAP = NO;
				WARNING_CFLAGS = ("$(inherited)");
			};
			name = MinSizeRel;
		};
		E41A6F4FF630474D86622D50 /* Debug */ = {
			isa = XCBuildConfiguration;
			buildSettings = {
				ALWAYS_SEARCH_USER_PATHS = NO;
				ARCHS = arm64;
				COMBINE_HIDPI_IMAGES = YES;
				GCC_GENERATE_DEBUGGING_SYMBOLS = YES;
				GCC_INLINES_ARE_PRIVATE_EXTERN = NO;
				GCC_OPTIMIZATION_LEVEL = 0;
				GCC_PREPROCESSOR_DEFINITIONS = ("'CMAKE_INTDIR=\"$(CONFIGURATION)$(EFFECTIVE_PLATFORM_NAME)\"'","$(inherited)");
				GCC_SYMBOLS_PRIVATE_EXTERN = NO;
				INSTALL_PATH = "";
				ONLY_ACTIVE_ARCH = NO;
				OTHER_LDFLAGS = ("","$(inherited)");
				OTHER_REZFLAGS = "";
				PRODUCT_NAME = ALL_BUILD;
				SECTORDER_FLAGS = "";
				USE_HEADERMAP = NO;
				WARNING_CFLAGS = ("$(inherited)");
			};
			name = Debug;
		};
		EFF345A95A664BCCAD65BA30 /* Release */ = {
			isa = XCBuildConfiguration;
			buildSettings = {
				ARCHS = arm64;
				SDKROOT = "";
				SWIFT_COMPILATION_MODE = wholemodule;
				SYMROOT = /Users/matty/projects/boba/build/build;
			};
			name = Release;
		};
		F385AA51D15547C2AE19B2A1 /* RelWithDebInfo */ = {
			isa = XCBuildConfiguration;
			buildSettings = {
				ALWAYS_SEARCH_USER_PATHS = NO;
				ARCHS = arm64;
				COMBINE_HIDPI_IMAGES = YES;
				GCC_GENERATE_DEBUGGING_SYMBOLS = YES;
				GCC_INLINES_ARE_PRIVATE_EXTERN = NO;
				GCC_OPTIMIZATION_LEVEL = 0;
				GCC_PREPROCESSOR_DEFINITIONS = ("'CMAKE_INTDIR=\"$(CONFIGURATION)$(EFFECTIVE_PLATFORM_NAME)\"'","$(inherited)");
				GCC_SYMBOLS_PRIVATE_EXTERN = NO;
				INSTALL_PATH = "";
				ONLY_ACTIVE_ARCH = NO;
				OTHER_LDFLAGS = ("","$(inherited)");
				OTHER_REZFLAGS = "";
				PRODUCT_NAME = ZERO_CHECK;
				SECTORDER_FLAGS = "";
				USE_HEADERMAP = NO;
				WARNING_CFLAGS = ("$(inherited)");
			};
			name = RelWithDebInfo;
		};
/* End XCBuildConfiguration section */

/* Begin XCConfigurationList section */
		2056547A01E54EDFB3C35493 /* Build configuration list for PBXNativeTarget "bulkin" */ = {
			isa = XCConfigurationList;
			buildConfigurations = (
				B996DFC855424AA5B5A6E5A5 /* Debug */,
				903F79B80B3B42CD8681E452 /* Release */,
				955D4E7233C948E496420AD2 /* MinSizeRel */,
				6FF5E1A4AE8D4F458E8DD921 /* RelWithDebInfo */,
			);
			defaultConfigurationIsVisible = 0;
			defaultConfigurationName = Debug;
		};
		C5987605D35B4068888A29A4 /* Build configuration list for PBXAggregateTarget "ALL_BUILD" */ = {
			isa = XCConfigurationList;
			buildConfigurations = (
				E41A6F4FF630474D86622D50 /* Debug */,
				70C21E19F5AD47F790248A54 /* Release */,
				D744DAC975AE4EB2A659693C /* MinSizeRel */,
				24EB19B1020747BD93187860 /* RelWithDebInfo */,
			);
			defaultConfigurationIsVisible = 0;
			defaultConfigurationName = Debug;
		};
		EDC66AE1AD894AC8B4F0A548 /* Build configuration list for PBXProject "bulkin" */ = {
			isa = XCConfigurationList;
			buildConfigurations = (
				BD8D5110911A4756A9C27303 /* Debug */,
				EFF345A95A664BCCAD65BA30 /* Release */,
				9B9F7E8F668745CEBB22543D /* MinSizeRel */,
				651E2472613D4027A98A9134 /* RelWithDebInfo */,
			);
			defaultConfigurationIsVisible = 0;
			defaultConfigurationName = Debug;
		};
		FF9B24B1977E476D97FAE087 /* Build configuration list for PBXAggregateTarget "ZERO_CHECK" */ = {
			isa = XCConfigurationList;
			buildConfigurations = (
				00CAAC7C24504D4E927DB787 /* Debug */,
				0896F49C737B48528398A387 /* Release */,
				E3A5C7F2E62747C9826A7344 /* MinSizeRel */,
				F385AA51D15547C2AE19B2A1 /* RelWithDebInfo */,
			);
			defaultConfigurationIsVisible = 0;
			defaultConfigurationName = Debug;
		};
/* End XCConfigurationList section */
	};
	rootObject = 29A39EBD7E8C4741936F3DAA /* Project object */;
}
